
Microsoft Visual Studio Solution File, Format Version 12.00
# Visual Studio Express 2013 for Web
VisualStudioVersion = 12.0.31101.0
MinimumVisualStudioVersion = 10.0.40219.1
Project("{FAE04EC0-301F-11D3-BF4B-00C04F79EFBC}") = "effect", "effect\effect.csproj", "{59395D98-F104-4816-A5FC-C3F1F754C22D}"
EndProject
Project("{FAE04EC0-301F-11D3-BF4B-00C04F79EFBC}") = "effect.Tests", "effect.Tests\effect.Tests.csproj", "{F0D5759C-61F4-4A27-A32B-928210470C6F}"
EndProject
Global
	GlobalSection(SolutionConfigurationPlatforms) = preSolution
		Debug|Any CPU = Debug|Any CPU
		Release|Any CPU = Release|Any CPU
	EndGlobalSection
	GlobalSection(ProjectConfigurationPlatforms) = postSolution
		{59395D98-F104-4816-A5FC-C3F1F754C22D}.Debug|Any CPU.ActiveCfg = Debug|Any CPU
		{59395D98-F104-4816-A5FC-C3F1F754C22D}.Debug|Any CPU.Build.0 = Debug|Any CPU
		{59395D98-F104-4816-A5FC-C3F1F754C22D}.Release|Any CPU.ActiveCfg = Release|Any CPU
		{59395D98-F104-4816-A5FC-C3F1F754C22D}.Release|Any CPU.Build.0 = Release|Any CPU
		{F0D5759C-61F4-4A27-A32B-928210470C6F}.Debug|Any CPU.ActiveCfg = Debug|Any CPU
		{F0D5759C-61F4-4A27-A32B-928210470C6F}.Debug|Any CPU.Build.0 = Debug|Any CPU
		{F0D5759C-61F4-4A27-A32B-928210470C6F}.Release|Any CPU.ActiveCfg = Release|Any CPU
		{F0D5759C-61F4-4A27-A32B-928210470C6F}.Release|Any CPU.Build.0 = Release|Any CPU
	EndGlobalSection
	GlobalSection(SolutionProperties) = preSolution
		HideSolutionNode = FALSE
	EndGlobalSection
EndGlobal
